
Microsoft Visual Studio Solution File, Format Version 12.00
# Visual Studio 2013
VisualStudioVersion = 12.0.40629.0
MinimumVisualStudioVersion = 10.0.40219.1
Project("{FAE04EC0-301F-11D3-BF4B-00C04F79EFBC}") = "ZY.WEIKE.UI", "ZY.WEIKE.UI\ZY.WEIKE.UI.csproj", "{05692B4D-E884-4CDE-8C6C-1BADAD6673CE}"
EndProject
Project("{FAE04EC0-301F-11D3-BF4B-00C04F79EFBC}") = "ZY.WEIKE.BLL", "ZY.WEIKE.BLL\ZY.WEIKE.BLL.csproj", "{CF958CAE-2CFB-4224-898F-9CCB5B879E0B}"
EndProject
Project("{FAE04EC0-301F-11D3-BF4B-00C04F79EFBC}") = "ZY.WEIKE.IDAL", "ZY.WEIKE.IDAL\ZY.WEIKE.IDAL.csproj", "{5189A75C-DD1D-4C6B-B1EE-0D2A8FEF9AEF}"
EndProject
Project("{FAE04EC0-301F-11D3-BF4B-00C04F79EFBC}") = "ZY.WEIKE.MSSQLDAL", "ZY.WEIKE.MSSQLDAL\ZY.WEIKE.MSSQLDAL.csproj", "{18E3A694-050C-4842-A95D-D181F5E10706}"
EndProject
Project("{FAE04EC0-301F-11D3-BF4B-00C04F79EFBC}") = "ZY.WEIKE.MODAL", "ZY.WEIKE.MODAL\ZY.WEIKE.MODAL.csproj", "{934FDE02-081A-4A87-A6FE-2EBE5B6CBFB5}"
EndProject
Project("{FAE04EC0-301F-11D3-BF4B-00C04F79EFBC}") = "ZY.WEIKE.DALFACTORY", "ZY.WEIKE.DALFACTORY\ZY.WEIKE.DALFACTORY.csproj", "{13D9F795-A64B-4EFA-8083-814F383A695E}"
EndProject
Project("{FAE04EC0-301F-11D3-BF4B-00C04F79EFBC}") = "ZY.WEIKE.COMMONHELPER", "ZY.WEIKE.COMMONHELPER\ZY.WEIKE.COMMONHELPER.csproj", "{3CCCAA88-F54C-46F2-BCF8-4075C0535773}"
EndProject
Global
	GlobalSection(SolutionConfigurationPlatforms) = preSolution
		Debug|Any CPU = Debug|Any CPU
		Release|Any CPU = Release|Any CPU
	EndGlobalSection
	GlobalSection(ProjectConfigurationPlatforms) = postSolution
		{05692B4D-E884-4CDE-8C6C-1BADAD6673CE}.Debug|Any CPU.ActiveCfg = Debug|Any CPU
		{05692B4D-E884-4CDE-8C6C-1BADAD6673CE}.Debug|Any CPU.Build.0 = Debug|Any CPU
		{05692B4D-E884-4CDE-8C6C-1BADAD6673CE}.Release|Any CPU.ActiveCfg = Release|Any CPU
		{05692B4D-E884-4CDE-8C6C-1BADAD6673CE}.Release|Any CPU.Build.0 = Release|Any CPU
		{CF958CAE-2CFB-4224-898F-9CCB5B879E0B}.Debug|Any CPU.ActiveCfg = Debug|Any CPU
		{CF958CAE-2CFB-4224-898F-9CCB5B879E0B}.Debug|Any CPU.Build.0 = Debug|Any CPU
		{CF958CAE-2CFB-4224-898F-9CCB5B879E0B}.Release|Any CPU.ActiveCfg = Release|Any CPU
		{CF958CAE-2CFB-4224-898F-9CCB5B879E0B}.Release|Any CPU.Build.0 = Release|Any CPU
		{5189A75C-DD1D-4C6B-B1EE-0D2A8FEF9AEF}.Debug|Any CPU.ActiveCfg = Debug|Any CPU
		{5189A75C-DD1D-4C6B-B1EE-0D2A8FEF9AEF}.Debug|Any CPU.Build.0 = Debug|Any CPU
		{5189A75C-DD1D-4C6B-B1EE-0D2A8FEF9AEF}.Release|Any CPU.ActiveCfg = Release|Any CPU
		{5189A75C-DD1D-4C6B-B1EE-0D2A8FEF9AEF}.Release|Any CPU.Build.0 = Release|Any CPU
		{18E3A694-050C-4842-A95D-D181F5E10706}.Debug|Any CPU.ActiveCfg = Debug|Any CPU
		{18E3A694-050C-4842-A95D-D181F5E10706}.Debug|Any CPU.Build.0 = Debug|Any CPU
		{18E3A694-050C-4842-A95D-D181F5E10706}.Release|Any CPU.ActiveCfg = Release|Any CPU
		{18E3A694-050C-4842-A95D-D181F5E10706}.Release|Any CPU.Build.0 = Release|Any CPU
		{934FDE02-081A-4A87-A6FE-2EBE5B6CBFB5}.Debug|Any CPU.ActiveCfg = Debug|Any CPU
		{934FDE02-081A-4A87-A6FE-2EBE5B6CBFB5}.Debug|Any CPU.Build.0 = Debug|Any CPU
		{934FDE02-081A-4A87-A6FE-2EBE5B6CBFB5}.Release|Any CPU.ActiveCfg = Release|Any CPU
		{934FDE02-081A-4A87-A6FE-2EBE5B6CBFB5}.Release|Any CPU.Build.0 = Release|Any CPU
		{13D9F795-A64B-4EFA-8083-814F383A695E}.Debug|Any CPU.ActiveCfg = Debug|Any CPU
		{13D9F795-A64B-4EFA-8083-814F383A695E}.Debug|Any CPU.Build.0 = Debug|Any CPU
		{13D9F795-A64B-4EFA-8083-814F383A695E}.Release|Any CPU.ActiveCfg = Release|Any CPU
		{13D9F795-A64B-4EFA-8083-814F383A695E}.Release|Any CPU.Build.0 = Release|Any CPU
		{3CCCAA88-F54C-46F2-BCF8-4075C0535773}.Debug|Any CPU.ActiveCfg = Debug|Any CPU
		{3CCCAA88-F54C-46F2-BCF8-4075C0535773}.Debug|Any CPU.Build.0 = Debug|Any CPU
		{3CCCAA88-F54C-46F2-BCF8-4075C0535773}.Release|Any CPU.ActiveCfg = Release|Any CPU
		{3CCCAA88-F54C-46F2-BCF8-4075C0535773}.Release|Any CPU.Build.0 = Release|Any CPU
	EndGlobalSection
	GlobalSection(SolutionProperties) = preSolution
		HideSolutionNode = FALSE
	EndGlobalSection
EndGlobal
